# This file is generated by running "yarn install" inside your project.
# Manual changes might be lost - proceed with caution!

__metadata:
  version: 8
  cacheKey: 10

"i18n-editor@workspace:.":
  version: 0.0.0-use.local
  resolution: "i18n-editor@workspace:."
  dependencies:
    prettier: "npm:^3.5.3"
    prettier-plugin-organize-imports: "npm:^4.1.0"
  languageName: unknown
  linkType: soft

"prettier-plugin-organize-imports@npm:^4.1.0":
  version: 4.1.0
  resolution: "prettier-plugin-organize-imports@npm:4.1.0"
  peerDependencies:
    prettier: ">=2.0"
    typescript: ">=2.9"
    vue-tsc: ^2.1.0
  peerDependenciesMeta:
    vue-tsc:
      optional: true
  checksum: 10/8223af6d42d06f6a5140a2724a6c6c2cef4a2e149721ceb25b945af71f4de7499bc63e47ea003b9eee84e6b94728b59d91b4275d3c53b718a747e273fb30cee2
  languageName: node
  linkType: hard

"prettier@npm:^3.5.3":
  version: 3.5.3
  resolution: "prettier@npm:3.5.3"
  bin:
    prettier: bin/prettier.cjs
  checksum: 10/7050c08f674d9e49fbd9a4c008291d0715471f64e94cc5e4b01729affce221dfc6875c8de7e66b728c64abc9352eefb7eaae071b5f79d30081be207b53774b78
  languageName: node
  linkType: hard
